// !$*UTF8*$!
{
	archiveVersion = 1;
	classes = {
	};
	objectVersion = 50;
	objects = {

/* Begin PBXBuildFile section */
		8502828924463AC00045F0AC /* AppDelegate.swift in Sources */ = {isa = PBXBuildFile; fileRef = 8502828824463AC00045F0AC /* AppDelegate.swift */; };
		8502829224463AC30045F0AC /* Assets.xcassets in Resources */ = {isa = PBXBuildFile; fileRef = 8502829124463AC30045F0AC /* Assets.xcassets */; };
		8502829524463AC30045F0AC /* LaunchScreen.storyboard in Resources */ = {isa = PBXBuildFile; fileRef = 8502829324463AC30045F0AC /* LaunchScreen.storyboard */; };
		85721AB42461B72100E78265 /* SortManager.swift in Sources */ = {isa = PBXBuildFile; fileRef = 85721AB32461B72100E78265 /* SortManager.swift */; };
		859F43FF2450CED4008C1386 /* FileModel.swift in Sources */ = {isa = PBXBuildFile; fileRef = 859F43FE2450CED4008C1386 /* FileModel.swift */; };
		85CB935C245838FF00A4E354 /* SessionApp.swift in Sources */ = {isa = PBXBuildFile; fileRef = 85CB935B245838FF00A4E354 /* SessionApp.swift */; };
		85CB935E24583BA200A4E354 /* Authorize.swift in Sources */ = {isa = PBXBuildFile; fileRef = 85CB935D24583BA200A4E354 /* Authorize.swift */; };
		85CB93612458583F00A4E354 /* NetworkingService.swift in Sources */ = {isa = PBXBuildFile; fileRef = 85CB93602458583F00A4E354 /* NetworkingService.swift */; };
		85CB936524586D3B00A4E354 /* UIAlertController.swift in Sources */ = {isa = PBXBuildFile; fileRef = 85CB936424586D3B00A4E354 /* UIAlertController.swift */; };
		85CB93672458707000A4E354 /* FilesResponse.swift in Sources */ = {isa = PBXBuildFile; fileRef = 85CB93662458707000A4E354 /* FilesResponse.swift */; };
		85CB93692459833600A4E354 /* Preview.swift in Sources */ = {isa = PBXBuildFile; fileRef = 85CB93682459833600A4E354 /* Preview.swift */; };
		85CB936B2459835600A4E354 /* SizesPreview.swift in Sources */ = {isa = PBXBuildFile; fileRef = 85CB936A2459835600A4E354 /* SizesPreview.swift */; };
		85F160A52451939900897790 /* FileTableViewCell.swift in Sources */ = {isa = PBXBuildFile; fileRef = 85F160A42451939900897790 /* FileTableViewCell.swift */; };
		85F160A72451C67500897790 /* TableHeaderView.swift in Sources */ = {isa = PBXBuildFile; fileRef = 85F160A62451C67500897790 /* TableHeaderView.swift */; };
		BF462A4924E5539F00671BAE /* Router.swift in Sources */ = {isa = PBXBuildFile; fileRef = BF462A4724E5539F00671BAE /* Router.swift */; };
		BF462A4A24E5539F00671BAE /* Coordinator.swift in Sources */ = {isa = PBXBuildFile; fileRef = BF462A4824E5539F00671BAE /* Coordinator.swift */; };
		BF462A4F24E5544000671BAE /* BaseViewController.swift in Sources */ = {isa = PBXBuildFile; fileRef = BF462A4E24E5544000671BAE /* BaseViewController.swift */; };
		BF462A5B24E556F400671BAE /* DI.swift in Sources */ = {isa = PBXBuildFile; fileRef = BF462A5A24E556F400671BAE /* DI.swift */; };
		BF462A6724E559EE00671BAE /* SplashView.swift in Sources */ = {isa = PBXBuildFile; fileRef = BF462A6624E559EE00671BAE /* SplashView.swift */; };
		BF462A6924E55F8C00671BAE /* SplashVC.swift in Sources */ = {isa = PBXBuildFile; fileRef = BF462A6824E55F8C00671BAE /* SplashVC.swift */; };
		BF462A6B24E55FE700671BAE /* ApplicationCoordinator.swift in Sources */ = {isa = PBXBuildFile; fileRef = BF462A6A24E55FE700671BAE /* ApplicationCoordinator.swift */; };
		BF462A7124E5614000671BAE /* StartCoordinator.swift in Sources */ = {isa = PBXBuildFile; fileRef = BF462A7024E5614000671BAE /* StartCoordinator.swift */; };
		BF462A7424E5621400671BAE /* Types.swift in Sources */ = {isa = PBXBuildFile; fileRef = BF462A7324E5621400671BAE /* Types.swift */; };
		BF462A7824E564EF00671BAE /* NavigationBar.swift in Sources */ = {isa = PBXBuildFile; fileRef = BF462A7724E564EF00671BAE /* NavigationBar.swift */; };
		BF462A7B24E583DF00671BAE /* AuthtorizationVC.swift in Sources */ = {isa = PBXBuildFile; fileRef = BF462A7A24E583DF00671BAE /* AuthtorizationVC.swift */; };
		BF462A7D24E5840E00671BAE /* AuthtorizationView.swift in Sources */ = {isa = PBXBuildFile; fileRef = BF462A7C24E5840E00671BAE /* AuthtorizationView.swift */; };
		BF462A8124E58EF500671BAE /* WebAuthVC.swift in Sources */ = {isa = PBXBuildFile; fileRef = BF462A8024E58EF500671BAE /* WebAuthVC.swift */; };
		BF462A8324E5981100671BAE /* FileListCoordinator.swift in Sources */ = {isa = PBXBuildFile; fileRef = BF462A8224E5981100671BAE /* FileListCoordinator.swift */; };
		BF462A8524E5994600671BAE /* FileListVC.swift in Sources */ = {isa = PBXBuildFile; fileRef = BF462A8424E5994600671BAE /* FileListVC.swift */; };
		BF462A8924E599AB00671BAE /* FileListView.swift in Sources */ = {isa = PBXBuildFile; fileRef = BF462A8824E599AB00671BAE /* FileListView.swift */; };
		BF9FCB5A24E7216A009315E2 /* Configuration.swift in Sources */ = {isa = PBXBuildFile; fileRef = BF9FCB5924E7216A009315E2 /* Configuration.swift */; };
		BF9FCB5C24E7245A009315E2 /* AuthConfiguration.swift in Sources */ = {isa = PBXBuildFile; fileRef = BF9FCB5B24E7245A009315E2 /* AuthConfiguration.swift */; };
/* End PBXBuildFile section */

/* Begin PBXFileReference section */
		8502828524463AC00045F0AC /* FileManagerVK.app */ = {isa = PBXFileReference; explicitFileType = wrapper.application; includeInIndex = 0; path = FileManagerVK.app; sourceTree = BUILT_PRODUCTS_DIR; };
		8502828824463AC00045F0AC /* AppDelegate.swift */ = {isa = PBXFileReference; lastKnownFileType = sourcecode.swift; path = AppDelegate.swift; sourceTree = "<group>"; };
		8502829124463AC30045F0AC /* Assets.xcassets */ = {isa = PBXFileReference; lastKnownFileType = folder.assetcatalog; path = Assets.xcassets; sourceTree = "<group>"; };
		8502829424463AC30045F0AC /* Base */ = {isa = PBXFileReference; lastKnownFileType = file.storyboard; name = Base; path = Base.lproj/LaunchScreen.storyboard; sourceTree = "<group>"; };
		8502829624463AC30045F0AC /* Info.plist */ = {isa = PBXFileReference; lastKnownFileType = text.plist.xml; path = Info.plist; sourceTree = "<group>"; };
		85721AB32461B72100E78265 /* SortManager.swift */ = {isa = PBXFileReference; lastKnownFileType = sourcecode.swift; path = SortManager.swift; sourceTree = "<group>"; };
		859F43FE2450CED4008C1386 /* FileModel.swift */ = {isa = PBXFileReference; lastKnownFileType = sourcecode.swift; path = FileModel.swift; sourceTree = "<group>"; };
		85CB935B245838FF00A4E354 /* SessionApp.swift */ = {isa = PBXFileReference; lastKnownFileType = sourcecode.swift; path = SessionApp.swift; sourceTree = "<group>"; };
		85CB935D24583BA200A4E354 /* Authorize.swift */ = {isa = PBXFileReference; lastKnownFileType = sourcecode.swift; path = Authorize.swift; sourceTree = "<group>"; };
		85CB93602458583F00A4E354 /* NetworkingService.swift */ = {isa = PBXFileReference; lastKnownFileType = sourcecode.swift; path = NetworkingService.swift; sourceTree = "<group>"; };
		85CB936424586D3B00A4E354 /* UIAlertController.swift */ = {isa = PBXFileReference; lastKnownFileType = sourcecode.swift; path = UIAlertController.swift; sourceTree = "<group>"; };
		85CB93662458707000A4E354 /* FilesResponse.swift */ = {isa = PBXFileReference; lastKnownFileType = sourcecode.swift; path = FilesResponse.swift; sourceTree = "<group>"; };
		85CB93682459833600A4E354 /* Preview.swift */ = {isa = PBXFileReference; lastKnownFileType = sourcecode.swift; path = Preview.swift; sourceTree = "<group>"; };
		85CB936A2459835600A4E354 /* SizesPreview.swift */ = {isa = PBXFileReference; lastKnownFileType = sourcecode.swift; path = SizesPreview.swift; sourceTree = "<group>"; };
		85F160A42451939900897790 /* FileTableViewCell.swift */ = {isa = PBXFileReference; lastKnownFileType = sourcecode.swift; path = FileTableViewCell.swift; sourceTree = "<group>"; };
		85F160A62451C67500897790 /* TableHeaderView.swift */ = {isa = PBXFileReference; lastKnownFileType = sourcecode.swift; path = TableHeaderView.swift; sourceTree = "<group>"; };
		BF462A4724E5539F00671BAE /* Router.swift */ = {isa = PBXFileReference; fileEncoding = 4; lastKnownFileType = sourcecode.swift; path = Router.swift; sourceTree = "<group>"; };
		BF462A4824E5539F00671BAE /* Coordinator.swift */ = {isa = PBXFileReference; fileEncoding = 4; lastKnownFileType = sourcecode.swift; path = Coordinator.swift; sourceTree = "<group>"; };
		BF462A4E24E5544000671BAE /* BaseViewController.swift */ = {isa = PBXFileReference; fileEncoding = 4; lastKnownFileType = sourcecode.swift; path = BaseViewController.swift; sourceTree = "<group>"; };
		BF462A5A24E556F400671BAE /* DI.swift */ = {isa = PBXFileReference; fileEncoding = 4; lastKnownFileType = sourcecode.swift; path = DI.swift; sourceTree = "<group>"; };
		BF462A6624E559EE00671BAE /* SplashView.swift */ = {isa = PBXFileReference; lastKnownFileType = sourcecode.swift; path = SplashView.swift; sourceTree = "<group>"; };
		BF462A6824E55F8C00671BAE /* SplashVC.swift */ = {isa = PBXFileReference; lastKnownFileType = sourcecode.swift; path = SplashVC.swift; sourceTree = "<group>"; };
		BF462A6A24E55FE700671BAE /* ApplicationCoordinator.swift */ = {isa = PBXFileReference; lastKnownFileType = sourcecode.swift; path = ApplicationCoordinator.swift; sourceTree = "<group>"; };
		BF462A7024E5614000671BAE /* StartCoordinator.swift */ = {isa = PBXFileReference; lastKnownFileType = sourcecode.swift; path = StartCoordinator.swift; sourceTree = "<group>"; };
		BF462A7324E5621400671BAE /* Types.swift */ = {isa = PBXFileReference; fileEncoding = 4; lastKnownFileType = sourcecode.swift; path = Types.swift; sourceTree = "<group>"; };
		BF462A7724E564EF00671BAE /* NavigationBar.swift */ = {isa = PBXFileReference; lastKnownFileType = sourcecode.swift; path = NavigationBar.swift; sourceTree = "<group>"; };
		BF462A7A24E583DF00671BAE /* AuthtorizationVC.swift */ = {isa = PBXFileReference; lastKnownFileType = sourcecode.swift; path = AuthtorizationVC.swift; sourceTree = "<group>"; };
		BF462A7C24E5840E00671BAE /* AuthtorizationView.swift */ = {isa = PBXFileReference; lastKnownFileType = sourcecode.swift; path = AuthtorizationView.swift; sourceTree = "<group>"; };
		BF462A8024E58EF500671BAE /* WebAuthVC.swift */ = {isa = PBXFileReference; lastKnownFileType = sourcecode.swift; path = WebAuthVC.swift; sourceTree = "<group>"; };
		BF462A8224E5981100671BAE /* FileListCoordinator.swift */ = {isa = PBXFileReference; lastKnownFileType = sourcecode.swift; path = FileListCoordinator.swift; sourceTree = "<group>"; };
		BF462A8424E5994600671BAE /* FileListVC.swift */ = {isa = PBXFileReference; lastKnownFileType = sourcecode.swift; path = FileListVC.swift; sourceTree = "<group>"; };
		BF462A8824E599AB00671BAE /* FileListView.swift */ = {isa = PBXFileReference; lastKnownFileType = sourcecode.swift; path = FileListView.swift; sourceTree = "<group>"; };
		BF9FCB5924E7216A009315E2 /* Configuration.swift */ = {isa = PBXFileReference; lastKnownFileType = sourcecode.swift; path = Configuration.swift; sourceTree = "<group>"; };
		BF9FCB5B24E7245A009315E2 /* AuthConfiguration.swift */ = {isa = PBXFileReference; lastKnownFileType = sourcecode.swift; path = AuthConfiguration.swift; sourceTree = "<group>"; };
/* End PBXFileReference section */

/* Begin PBXFrameworksBuildPhase section */
		8502828224463AC00045F0AC /* Frameworks */ = {
			isa = PBXFrameworksBuildPhase;
			buildActionMask = 2147483647;
			files = (
			);
			runOnlyForDeploymentPostprocessing = 0;
		};
/* End PBXFrameworksBuildPhase section */

/* Begin PBXGroup section */
		8502827C24463AC00045F0AC = {
			isa = PBXGroup;
			children = (
				8502828724463AC00045F0AC /* FileManagerVK */,
				8502828624463AC00045F0AC /* Products */,
			);
			sourceTree = "<group>";
		};
		8502828624463AC00045F0AC /* Products */ = {
			isa = PBXGroup;
			children = (
				8502828524463AC00045F0AC /* FileManagerVK.app */,
			);
			name = Products;
			sourceTree = "<group>";
		};
		8502828724463AC00045F0AC /* FileManagerVK */ = {
			isa = PBXGroup;
			children = (
				BF462A5024E5548900671BAE /* Application */,
				85CB936224586CB200A4E354 /* Library */,
				BF462A5124E554A900671BAE /* Configuration */,
				BF462A5424E555D000671BAE /* Resources */,
			);
			path = FileManagerVK;
			sourceTree = "<group>";
		};
		85CB935F2458580C00A4E354 /* NetworkongService */ = {
			isa = PBXGroup;
			children = (
				85CB935B245838FF00A4E354 /* SessionApp.swift */,
				85CB935D24583BA200A4E354 /* Authorize.swift */,
				85CB93602458583F00A4E354 /* NetworkingService.swift */,
			);
			path = NetworkongService;
			sourceTree = "<group>";
		};
		85CB936224586CB200A4E354 /* Library */ = {
			isa = PBXGroup;
			children = (
				BF462A7224E5621400671BAE /* Foundation */,
				BF462A4B24E553DC00671BAE /* UIKit */,
				BF462A4624E5539F00671BAE /* Coordinator */,
				85721AB32461B72100E78265 /* SortManager.swift */,
			);
			path = Library;
			sourceTree = "<group>";
		};
		BF462A4624E5539F00671BAE /* Coordinator */ = {
			isa = PBXGroup;
			children = (
				BF462A4724E5539F00671BAE /* Router.swift */,
				BF462A4824E5539F00671BAE /* Coordinator.swift */,
			);
			path = Coordinator;
			sourceTree = "<group>";
		};
		BF462A4B24E553DC00671BAE /* UIKit */ = {
			isa = PBXGroup;
			children = (
				BF462A4D24E5544000671BAE /* UIViewController */,
				BF462A4C24E553EC00671BAE /* UIAllertController */,
			);
			path = UIKit;
			sourceTree = "<group>";
		};
		BF462A4C24E553EC00671BAE /* UIAllertController */ = {
			isa = PBXGroup;
			children = (
				85CB936424586D3B00A4E354 /* UIAlertController.swift */,
			);
			path = UIAllertController;
			sourceTree = "<group>";
		};
		BF462A4D24E5544000671BAE /* UIViewController */ = {
			isa = PBXGroup;
			children = (
				BF462A4E24E5544000671BAE /* BaseViewController.swift */,
			);
			path = UIViewController;
			sourceTree = "<group>";
		};
		BF462A5024E5548900671BAE /* Application */ = {
			isa = PBXGroup;
			children = (
				BF462A5C24E5571900671BAE /* UI */,
				BF462A5924E556F400671BAE /* DI */,
				BF462A5524E5563200671BAE /* Model */,
			);
			path = Application;
			sourceTree = "<group>";
		};
		BF462A5124E554A900671BAE /* Configuration */ = {
			isa = PBXGroup;
			children = (
				8502829624463AC30045F0AC /* Info.plist */,
				BF9FCB5924E7216A009315E2 /* Configuration.swift */,
				BF9FCB5B24E7245A009315E2 /* AuthConfiguration.swift */,
			);
			path = Configuration;
			sourceTree = "<group>";
		};
		BF462A5424E555D000671BAE /* Resources */ = {
			isa = PBXGroup;
			children = (
				8502829124463AC30045F0AC /* Assets.xcassets */,
				8502829324463AC30045F0AC /* LaunchScreen.storyboard */,
			);
			path = Resources;
			sourceTree = "<group>";
		};
		BF462A5524E5563200671BAE /* Model */ = {
			isa = PBXGroup;
			children = (
				BF462A5724E5568700671BAE /* Entity */,
				85CB935F2458580C00A4E354 /* NetworkongService */,
				BF462A5624E5563B00671BAE /* AppDelegate */,
			);
			path = Model;
			sourceTree = "<group>";
		};
		BF462A5624E5563B00671BAE /* AppDelegate */ = {
			isa = PBXGroup;
			children = (
				8502828824463AC00045F0AC /* AppDelegate.swift */,
			);
			path = AppDelegate;
			sourceTree = "<group>";
		};
		BF462A5724E5568700671BAE /* Entity */ = {
			isa = PBXGroup;
			children = (
				BF462A5824E556CD00671BAE /* File */,
			);
			path = Entity;
			sourceTree = "<group>";
		};
		BF462A5824E556CD00671BAE /* File */ = {
			isa = PBXGroup;
			children = (
				85CB93662458707000A4E354 /* FilesResponse.swift */,
				859F43FE2450CED4008C1386 /* FileModel.swift */,
				85CB93682459833600A4E354 /* Preview.swift */,
				85CB936A2459835600A4E354 /* SizesPreview.swift */,
			);
			path = File;
			sourceTree = "<group>";
		};
		BF462A5924E556F400671BAE /* DI */ = {
			isa = PBXGroup;
			children = (
				BF462A5A24E556F400671BAE /* DI.swift */,
			);
			path = DI;
			sourceTree = "<group>";
		};
		BF462A5C24E5571900671BAE /* UI */ = {
			isa = PBXGroup;
			children = (
				BF9FCB5D24E81ED8009315E2 /* ColorApp */,
				BF462A7624E564BD00671BAE /* CustomView */,
				BF462A5E24E5573D00671BAE /* Screens */,
				BF462A5D24E5572C00671BAE /* Coordinators */,
			);
			path = UI;
			sourceTree = "<group>";
		};
		BF462A5D24E5572C00671BAE /* Coordinators */ = {
			isa = PBXGroup;
			children = (
				BF462A6A24E55FE700671BAE /* ApplicationCoordinator.swift */,
				BF462A7024E5614000671BAE /* StartCoordinator.swift */,
				BF462A8224E5981100671BAE /* FileListCoordinator.swift */,
			);
			path = Coordinators;
			sourceTree = "<group>";
		};
		BF462A5E24E5573D00671BAE /* Screens */ = {
			isa = PBXGroup;
			children = (
				BF462A6124E557E500671BAE /* FileList */,
				BF462A7E24E58B7000671BAE /* WebAuth */,
				BF462A6024E5579D00671BAE /* Authorize */,
				BF462A5F24E5579200671BAE /* Splash */,
			);
			path = Screens;
			sourceTree = "<group>";
		};
		BF462A5F24E5579200671BAE /* Splash */ = {
			isa = PBXGroup;
			children = (
				BF462A6424E559AD00671BAE /* View */,
				BF462A6524E559BC00671BAE /* Controller */,
			);
			path = Splash;
			sourceTree = "<group>";
		};
		BF462A6024E5579D00671BAE /* Authorize */ = {
			isa = PBXGroup;
			children = (
				BF462A6324E5581100671BAE /* Views */,
				BF462A6224E557FE00671BAE /* Controller */,
			);
			path = Authorize;
			sourceTree = "<group>";
		};
		BF462A6124E557E500671BAE /* FileList */ = {
			isa = PBXGroup;
			children = (
				BF462A8724E5999C00671BAE /* Views */,
				BF462A8624E5999300671BAE /* Controller */,
			);
			path = FileList;
			sourceTree = "<group>";
		};
		BF462A6224E557FE00671BAE /* Controller */ = {
			isa = PBXGroup;
			children = (
				BF462A7A24E583DF00671BAE /* AuthtorizationVC.swift */,
			);
			path = Controller;
			sourceTree = "<group>";
		};
		BF462A6324E5581100671BAE /* Views */ = {
			isa = PBXGroup;
			children = (
				BF462A7C24E5840E00671BAE /* AuthtorizationView.swift */,
			);
			path = Views;
			sourceTree = "<group>";
		};
		BF462A6424E559AD00671BAE /* View */ = {
			isa = PBXGroup;
			children = (
				BF462A6624E559EE00671BAE /* SplashView.swift */,
			);
			path = View;
			sourceTree = "<group>";
		};
		BF462A6524E559BC00671BAE /* Controller */ = {
			isa = PBXGroup;
			children = (
				BF462A6824E55F8C00671BAE /* SplashVC.swift */,
			);
			path = Controller;
			sourceTree = "<group>";
		};
		BF462A7224E5621400671BAE /* Foundation */ = {
			isa = PBXGroup;
			children = (
				BF462A7324E5621400671BAE /* Types.swift */,
			);
			path = Foundation;
			sourceTree = "<group>";
		};
		BF462A7624E564BD00671BAE /* CustomView */ = {
			isa = PBXGroup;
			children = (
				BF462A7724E564EF00671BAE /* NavigationBar.swift */,
			);
			path = CustomView;
			sourceTree = "<group>";
		};
		BF462A7E24E58B7000671BAE /* WebAuth */ = {
			isa = PBXGroup;
			children = (
				BF462A7F24E58C1800671BAE /* Controller */,
			);
			path = WebAuth;
			sourceTree = "<group>";
		};
		BF462A7F24E58C1800671BAE /* Controller */ = {
			isa = PBXGroup;
			children = (
				BF462A8024E58EF500671BAE /* WebAuthVC.swift */,
			);
			path = Controller;
			sourceTree = "<group>";
		};
		BF462A8624E5999300671BAE /* Controller */ = {
			isa = PBXGroup;
			children = (
				BF462A8424E5994600671BAE /* FileListVC.swift */,
			);
			path = Controller;
			sourceTree = "<group>";
		};
		BF462A8724E5999C00671BAE /* Views */ = {
			isa = PBXGroup;
			children = (
				BF462A8824E599AB00671BAE /* FileListView.swift */,
				85F160A42451939900897790 /* FileTableViewCell.swift */,
				85F160A62451C67500897790 /* TableHeaderView.swift */,
			);
			path = Views;
			sourceTree = "<group>";
		};
		BF9FCB5D24E81ED8009315E2 /* ColorApp */ = {
			isa = PBXGroup;
			children = (
			);
			path = ColorApp;
			sourceTree = "<group>";
		};
/* End PBXGroup section */

/* Begin PBXNativeTarget section */
		8502828424463AC00045F0AC /* FileManagerVK */ = {
			isa = PBXNativeTarget;
			buildConfigurationList = 8502829924463AC30045F0AC /* Build configuration list for PBXNativeTarget "FileManagerVK" */;
			buildPhases = (
				8502828124463AC00045F0AC /* Sources */,
				8502828224463AC00045F0AC /* Frameworks */,
				8502828324463AC00045F0AC /* Resources */,
			);
			buildRules = (
			);
			dependencies = (
			);
			name = FileManagerVK;
			productName = FileManagerVK;
			productReference = 8502828524463AC00045F0AC /* FileManagerVK.app */;
			productType = "com.apple.product-type.application";
		};
/* End PBXNativeTarget section */

/* Begin PBXProject section */
		8502827D24463AC00045F0AC /* Project object */ = {
			isa = PBXProject;
			attributes = {
				LastSwiftUpdateCheck = 1140;
				LastUpgradeCheck = 1140;
				ORGANIZATIONNAME = "Станислав";
				TargetAttributes = {
					8502828424463AC00045F0AC = {
						CreatedOnToolsVersion = 11.4;
					};
				};
			};
			buildConfigurationList = 8502828024463AC00045F0AC /* Build configuration list for PBXProject "FileManagerVK" */;
			compatibilityVersion = "Xcode 9.3";
			developmentRegion = en;
			hasScannedForEncodings = 0;
			knownRegions = (
				en,
				Base,
			);
			mainGroup = 8502827C24463AC00045F0AC;
			productRefGroup = 8502828624463AC00045F0AC /* Products */;
			projectDirPath = "";
			projectRoot = "";
			targets = (
				8502828424463AC00045F0AC /* FileManagerVK */,
			);
		};
/* End PBXProject section */

/* Begin PBXResourcesBuildPhase section */
		8502828324463AC00045F0AC /* Resources */ = {
			isa = PBXResourcesBuildPhase;
			buildActionMask = 2147483647;
			files = (
				8502829524463AC30045F0AC /* LaunchScreen.storyboard in Resources */,
				8502829224463AC30045F0AC /* Assets.xcassets in Resources */,
			);
			runOnlyForDeploymentPostprocessing = 0;
		};
/* End PBXResourcesBuildPhase section */

/* Begin PBXSourcesBuildPhase section */
		8502828124463AC00045F0AC /* Sources */ = {
			isa = PBXSourcesBuildPhase;
			buildActionMask = 2147483647;
			files = (
				85CB935C245838FF00A4E354 /* SessionApp.swift in Sources */,
				BF462A8524E5994600671BAE /* FileListVC.swift in Sources */,
				85F160A72451C67500897790 /* TableHeaderView.swift in Sources */,
				85CB93612458583F00A4E354 /* NetworkingService.swift in Sources */,
				BF462A5B24E556F400671BAE /* DI.swift in Sources */,
				BF462A8924E599AB00671BAE /* FileListView.swift in Sources */,
				BF462A7124E5614000671BAE /* StartCoordinator.swift in Sources */,
				BF462A6B24E55FE700671BAE /* ApplicationCoordinator.swift in Sources */,
				BF9FCB5C24E7245A009315E2 /* AuthConfiguration.swift in Sources */,
				BF462A6924E55F8C00671BAE /* SplashVC.swift in Sources */,
				BF462A4F24E5544000671BAE /* BaseViewController.swift in Sources */,
				BF9FCB5A24E7216A009315E2 /* Configuration.swift in Sources */,
				85721AB42461B72100E78265 /* SortManager.swift in Sources */,
				BF462A7D24E5840E00671BAE /* AuthtorizationView.swift in Sources */,
				BF462A7824E564EF00671BAE /* NavigationBar.swift in Sources */,
				BF462A8324E5981100671BAE /* FileListCoordinator.swift in Sources */,
				BF462A4924E5539F00671BAE /* Router.swift in Sources */,
				85F160A52451939900897790 /* FileTableViewCell.swift in Sources */,
				85CB93692459833600A4E354 /* Preview.swift in Sources */,
				859F43FF2450CED4008C1386 /* FileModel.swift in Sources */,
				BF462A4A24E5539F00671BAE /* Coordinator.swift in Sources */,
				85CB93672458707000A4E354 /* FilesResponse.swift in Sources */,
				BF462A7B24E583DF00671BAE /* AuthtorizationVC.swift in Sources */,
				BF462A6724E559EE00671BAE /* SplashView.swift in Sources */,
				8502828924463AC00045F0AC /* AppDelegate.swift in Sources */,
				85CB935E24583BA200A4E354 /* Authorize.swift in Sources */,
				85CB936B2459835600A4E354 /* SizesPreview.swift in Sources */,
				BF462A8124E58EF500671BAE /* WebAuthVC.swift in Sources */,
				BF462A7424E5621400671BAE /* Types.swift in Sources */,
				85CB936524586D3B00A4E354 /* UIAlertController.swift in Sources */,
			);
			runOnlyForDeploymentPostprocessing = 0;
		};
/* End PBXSourcesBuildPhase section */

/* Begin PBXVariantGroup section */
		8502829324463AC30045F0AC /* LaunchScreen.storyboard */ = {
			isa = PBXVariantGroup;
			children = (
				8502829424463AC30045F0AC /* Base */,
			);
			name = LaunchScreen.storyboard;
			sourceTree = "<group>";
		};
/* End PBXVariantGroup section */

/* Begin XCBuildConfiguration section */
		8502829724463AC30045F0AC /* Debug */ = {
			isa = XCBuildConfiguration;
			buildSettings = {
				ALWAYS_SEARCH_USER_PATHS = NO;
				CLANG_ANALYZER_NONNULL = YES;
				CLANG_ANALYZER_NUMBER_OBJECT_CONVERSION = YES_AGGRESSIVE;
				CLANG_CXX_LANGUAGE_STANDARD = "gnu++14";
				CLANG_CXX_LIBRARY = "libc++";
				CLANG_ENABLE_MODULES = YES;
				CLANG_ENABLE_OBJC_ARC = YES;
				CLANG_ENABLE_OBJC_WEAK = YES;
				CLANG_WARN_BLOCK_CAPTURE_AUTORELEASING = YES;
				CLANG_WARN_BOOL_CONVERSION = YES;
				CLANG_WARN_COMMA = YES;
				CLANG_WARN_CONSTANT_CONVERSION = YES;
				CLANG_WARN_DEPRECATED_OBJC_IMPLEMENTATIONS = YES;
				CLANG_WARN_DIRECT_OBJC_ISA_USAGE = YES_ERROR;
				CLANG_WARN_DOCUMENTATION_COMMENTS = YES;
				CLANG_WARN_EMPTY_BODY = YES;
				CLANG_WARN_ENUM_CONVERSION = YES;
				CLANG_WARN_INFINITE_RECURSION = YES;
				CLANG_WARN_INT_CONVERSION = YES;
				CLANG_WARN_NON_LITERAL_NULL_CONVERSION = YES;
				CLANG_WARN_OBJC_IMPLICIT_RETAIN_SELF = YES;
				CLANG_WARN_OBJC_LITERAL_CONVERSION = YES;
				CLANG_WARN_OBJC_ROOT_CLASS = YES_ERROR;
				CLANG_WARN_RANGE_LOOP_ANALYSIS = YES;
				CLANG_WARN_STRICT_PROTOTYPES = YES;
				CLANG_WARN_SUSPICIOUS_MOVE = YES;
				CLANG_WARN_UNGUARDED_AVAILABILITY = YES_AGGRESSIVE;
				CLANG_WARN_UNREACHABLE_CODE = YES;
				CLANG_WARN__DUPLICATE_METHOD_MATCH = YES;
				COPY_PHASE_STRIP = NO;
				DEBUG_INFORMATION_FORMAT = dwarf;
				ENABLE_STRICT_OBJC_MSGSEND = YES;
				ENABLE_TESTABILITY = YES;
				GCC_C_LANGUAGE_STANDARD = gnu11;
				GCC_DYNAMIC_NO_PIC = NO;
				GCC_NO_COMMON_BLOCKS = YES;
				GCC_OPTIMIZATION_LEVEL = 0;
				GCC_PREPROCESSOR_DEFINITIONS = (
					"DEBUG=1",
					"$(inherited)",
				);
				GCC_WARN_64_TO_32_BIT_CONVERSION = YES;
				GCC_WARN_ABOUT_RETURN_TYPE = YES_ERROR;
				GCC_WARN_UNDECLARED_SELECTOR = YES;
				GCC_WARN_UNINITIALIZED_AUTOS = YES_AGGRESSIVE;
				GCC_WARN_UNUSED_FUNCTION = YES;
				GCC_WARN_UNUSED_VARIABLE = YES;
				IPHONEOS_DEPLOYMENT_TARGET = 13.4;
				MTL_ENABLE_DEBUG_INFO = INCLUDE_SOURCE;
				MTL_FAST_MATH = YES;
				ONLY_ACTIVE_ARCH = YES;
				SDKROOT = iphoneos;
				SWIFT_ACTIVE_COMPILATION_CONDITIONS = DEBUG;
				SWIFT_OPTIMIZATION_LEVEL = "-Onone";
			};
			name = Debug;
		};
		8502829824463AC30045F0AC /* Release */ = {
			isa = XCBuildConfiguration;
			buildSettings = {
				ALWAYS_SEARCH_USER_PATHS = NO;
				CLANG_ANALYZER_NONNULL = YES;
				CLANG_ANALYZER_NUMBER_OBJECT_CONVERSION = YES_AGGRESSIVE;
				CLANG_CXX_LANGUAGE_STANDARD = "gnu++14";
				CLANG_CXX_LIBRARY = "libc++";
				CLANG_ENABLE_MODULES = YES;
				CLANG_ENABLE_OBJC_ARC = YES;
				CLANG_ENABLE_OBJC_WEAK = YES;
				CLANG_WARN_BLOCK_CAPTURE_AUTORELEASING = YES;
				CLANG_WARN_BOOL_CONVERSION = YES;
				CLANG_WARN_COMMA = YES;
				CLANG_WARN_CONSTANT_CONVERSION = YES;
				CLANG_WARN_DEPRECATED_OBJC_IMPLEMENTATIONS = YES;
				CLANG_WARN_DIRECT_OBJC_ISA_USAGE = YES_ERROR;
				CLANG_WARN_DOCUMENTATION_COMMENTS = YES;
				CLANG_WARN_EMPTY_BODY = YES;
				CLANG_WARN_ENUM_CONVERSION = YES;
				CLANG_WARN_INFINITE_RECURSION = YES;
				CLANG_WARN_INT_CONVERSION = YES;
				CLANG_WARN_NON_LITERAL_NULL_CONVERSION = YES;
				CLANG_WARN_OBJC_IMPLICIT_RETAIN_SELF = YES;
				CLANG_WARN_OBJC_LITERAL_CONVERSION = YES;
				CLANG_WARN_OBJC_ROOT_CLASS = YES_ERROR;
				CLANG_WARN_RANGE_LOOP_ANALYSIS = YES;
				CLANG_WARN_STRICT_PROTOTYPES = YES;
				CLANG_WARN_SUSPICIOUS_MOVE = YES;
				CLANG_WARN_UNGUARDED_AVAILABILITY = YES_AGGRESSIVE;
				CLANG_WARN_UNREACHABLE_CODE = YES;
				CLANG_WARN__DUPLICATE_METHOD_MATCH = YES;
				COPY_PHASE_STRIP = NO;
				DEBUG_INFORMATION_FORMAT = "dwarf-with-dsym";
				ENABLE_NS_ASSERTIONS = NO;
				ENABLE_STRICT_OBJC_MSGSEND = YES;
				GCC_C_LANGUAGE_STANDARD = gnu11;
				GCC_NO_COMMON_BLOCKS = YES;
				GCC_WARN_64_TO_32_BIT_CONVERSION = YES;
				GCC_WARN_ABOUT_RETURN_TYPE = YES_ERROR;
				GCC_WARN_UNDECLARED_SELECTOR = YES;
				GCC_WARN_UNINITIALIZED_AUTOS = YES_AGGRESSIVE;
				GCC_WARN_UNUSED_FUNCTION = YES;
				GCC_WARN_UNUSED_VARIABLE = YES;
				IPHONEOS_DEPLOYMENT_TARGET = 13.4;
				MTL_ENABLE_DEBUG_INFO = NO;
				MTL_FAST_MATH = YES;
				SDKROOT = iphoneos;
				SWIFT_COMPILATION_MODE = wholemodule;
				SWIFT_OPTIMIZATION_LEVEL = "-O";
				VALIDATE_PRODUCT = YES;
			};
			name = Release;
		};
		8502829A24463AC30045F0AC /* Debug */ = {
			isa = XCBuildConfiguration;
			buildSettings = {
				ASSETCATALOG_COMPILER_APPICON_NAME = AppIcon;
				CODE_SIGN_STYLE = Automatic;
				DEVELOPMENT_TEAM = 8U33MU82AP;
				INFOPLIST_FILE = FileManagerVK/Configuration/Info.plist;
				IPHONEOS_DEPLOYMENT_TARGET = 11.0;
				LD_RUNPATH_SEARCH_PATHS = (
					"$(inherited)",
					"@executable_path/Frameworks",
				);
				PRODUCT_BUNDLE_IDENTIFIER = StanislavBelykh.FileManagerVK;
				PRODUCT_NAME = "$(TARGET_NAME)";
				SWIFT_VERSION = 5.0;
				TARGETED_DEVICE_FAMILY = 1;
			};
			name = Debug;
		};
		8502829B24463AC30045F0AC /* Release */ = {
			isa = XCBuildConfiguration;
			buildSettings = {
				ASSETCATALOG_COMPILER_APPICON_NAME = AppIcon;
				CODE_SIGN_STYLE = Automatic;
				DEVELOPMENT_TEAM = 8U33MU82AP;
				INFOPLIST_FILE = FileManagerVK/Configuration/Info.plist;
				IPHONEOS_DEPLOYMENT_TARGET = 11.0;
				LD_RUNPATH_SEARCH_PATHS = (
					"$(inherited)",
					"@executable_path/Frameworks",
				);
				PRODUCT_BUNDLE_IDENTIFIER = StanislavBelykh.FileManagerVK;
				PRODUCT_NAME = "$(TARGET_NAME)";
				SWIFT_VERSION = 5.0;
				TARGETED_DEVICE_FAMILY = 1;
			};
			name = Release;
		};
/* End XCBuildConfiguration section */

/* Begin XCConfigurationList section */
		8502828024463AC00045F0AC /* Build configuration list for PBXProject "FileManagerVK" */ = {
			isa = XCConfigurationList;
			buildConfigurations = (
				8502829724463AC30045F0AC /* Debug */,
				8502829824463AC30045F0AC /* Release */,
			);
			defaultConfigurationIsVisible = 0;
			defaultConfigurationName = Release;
		};
		8502829924463AC30045F0AC /* Build configuration list for PBXNativeTarget "FileManagerVK" */ = {
			isa = XCConfigurationList;
			buildConfigurations = (
				8502829A24463AC30045F0AC /* Debug */,
				8502829B24463AC30045F0AC /* Release */,
			);
			defaultConfigurationIsVisible = 0;
			defaultConfigurationName = Release;
		};
/* End XCConfigurationList section */
	};
	rootObject = 8502827D24463AC00045F0AC /* Project object */;
}
